// !$*UTF8*$!
{
	archiveVersion = 1;
	classes = {
	};
	objectVersion = 56;
	objects = {

/* Begin PBXBuildFile section */
		E03CF26D2BBBA8C000DA7FC0 /* bubble_gameApp.swift in Sources */ = {isa = PBXBuildFile; fileRef = E03CF26C2BBBA8C000DA7FC0 /* bubble_gameApp.swift */; };
		E03CF26F2BBBA8C000DA7FC0 /* HomeView.swift in Sources */ = {isa = PBXBuildFile; fileRef = E03CF26E2BBBA8C000DA7FC0 /* HomeView.swift */; };
		E03CF27D2BBBA96B00DA7FC0 /* MenuView.swift in Sources */ = {isa = PBXBuildFile; fileRef = E03CF27C2BBBA96B00DA7FC0 /* MenuView.swift */; };
		E03CF27F2BBBAA3B00DA7FC0 /* MenuViewModel.swift in Sources */ = {isa = PBXBuildFile; fileRef = E03CF27E2BBBAA3B00DA7FC0 /* MenuViewModel.swift */; };
		E03CF2812BBBAE1E00DA7FC0 /* GameView.swift in Sources */ = {isa = PBXBuildFile; fileRef = E03CF2802BBBAE1E00DA7FC0 /* GameView.swift */; };
		E03CF2832BBBAEE900DA7FC0 /* GameViewModel.swift in Sources */ = {isa = PBXBuildFile; fileRef = E03CF2822BBBAEE900DA7FC0 /* GameViewModel.swift */; };
		E048F40E2BC4F4F1005B96D6 /* HighScoreView.swift in Sources */ = {isa = PBXBuildFile; fileRef = E048F40D2BC4F4F1005B96D6 /* HighScoreView.swift */; };
		E048F4102BCE2820005B96D6 /* Bubble.swift in Sources */ = {isa = PBXBuildFile; fileRef = E048F40F2BCE2820005B96D6 /* Bubble.swift */; };
		E048F4122BCE8F19005B96D6 /* BubbleView.swift in Sources */ = {isa = PBXBuildFile; fileRef = E048F4112BCE8F18005B96D6 /* BubbleView.swift */; };
		E048F4142BCFB512005B96D6 /* HighScoreviewModel.swift in Sources */ = {isa = PBXBuildFile; fileRef = E048F4132BCFB512005B96D6 /* HighScoreviewModel.swift */; };
/* End PBXBuildFile section */

/* Begin PBXFileReference section */
		E03CF2692BBBA8C000DA7FC0 /* bubble_game.app */ = {isa = PBXFileReference; explicitFileType = wrapper.application; includeInIndex = 0; path = bubble_game.app; sourceTree = BUILT_PRODUCTS_DIR; };
		E03CF26C2BBBA8C000DA7FC0 /* bubble_gameApp.swift */ = {isa = PBXFileReference; lastKnownFileType = sourcecode.swift; path = bubble_gameApp.swift; sourceTree = "<group>"; };
		E03CF26E2BBBA8C000DA7FC0 /* HomeView.swift */ = {isa = PBXFileReference; lastKnownFileType = sourcecode.swift; path = HomeView.swift; sourceTree = "<group>"; };
		E03CF27C2BBBA96B00DA7FC0 /* MenuView.swift */ = {isa = PBXFileReference; lastKnownFileType = sourcecode.swift; path = MenuView.swift; sourceTree = "<group>"; };
		E03CF27E2BBBAA3B00DA7FC0 /* MenuViewModel.swift */ = {isa = PBXFileReference; lastKnownFileType = sourcecode.swift; path = MenuViewModel.swift; sourceTree = "<group>"; };
		E03CF2802BBBAE1E00DA7FC0 /* GameView.swift */ = {isa = PBXFileReference; lastKnownFileType = sourcecode.swift; path = GameView.swift; sourceTree = "<group>"; };
		E03CF2822BBBAEE900DA7FC0 /* GameViewModel.swift */ = {isa = PBXFileReference; lastKnownFileType = sourcecode.swift; path = GameViewModel.swift; sourceTree = "<group>"; };
		E048F40D2BC4F4F1005B96D6 /* HighScoreView.swift */ = {isa = PBXFileReference; lastKnownFileType = sourcecode.swift; path = HighScoreView.swift; sourceTree = "<group>"; };
		E048F40F2BCE2820005B96D6 /* Bubble.swift */ = {isa = PBXFileReference; lastKnownFileType = sourcecode.swift; path = Bubble.swift; sourceTree = "<group>"; };
		E048F4112BCE8F18005B96D6 /* BubbleView.swift */ = {isa = PBXFileReference; lastKnownFileType = sourcecode.swift; path = BubbleView.swift; sourceTree = "<group>"; };
		E048F4132BCFB512005B96D6 /* HighScoreviewModel.swift */ = {isa = PBXFileReference; lastKnownFileType = sourcecode.swift; path = HighScoreviewModel.swift; sourceTree = "<group>"; };
/* End PBXFileReference section */

/* Begin PBXFrameworksBuildPhase section */
		E03CF2662BBBA8C000DA7FC0 /* Frameworks */ = {
			isa = PBXFrameworksBuildPhase;
			buildActionMask = 2147483647;
			files = (
			);
			runOnlyForDeploymentPostprocessing = 0;
		};
/* End PBXFrameworksBuildPhase section */

/* Begin PBXGroup section */
		E03CF2602BBBA8C000DA7FC0 = {
			isa = PBXGroup;
			children = (
				E03CF26B2BBBA8C000DA7FC0 /* bubble_game */,
				E03CF26A2BBBA8C000DA7FC0 /* Products */,
			);
			sourceTree = "<group>";
		};
		E03CF26A2BBBA8C000DA7FC0 /* Products */ = {
			isa = PBXGroup;
			children = (
				E03CF2692BBBA8C000DA7FC0 /* bubble_game.app */,
			);
			name = Products;
			sourceTree = "<group>";
		};
		E03CF26B2BBBA8C000DA7FC0 /* bubble_game */ = {
			isa = PBXGroup;
			children = (
				E03CF26C2BBBA8C000DA7FC0 /* bubble_gameApp.swift */,
				E03CF26E2BBBA8C000DA7FC0 /* HomeView.swift */,
				E03CF2822BBBAEE900DA7FC0 /* GameViewModel.swift */,
				E03CF27E2BBBAA3B00DA7FC0 /* MenuViewModel.swift */,
				E03CF2802BBBAE1E00DA7FC0 /* GameView.swift */,
				E03CF27C2BBBA96B00DA7FC0 /* MenuView.swift */,
				E048F40D2BC4F4F1005B96D6 /* HighScoreView.swift */,
				E048F40F2BCE2820005B96D6 /* Bubble.swift */,
				E048F4112BCE8F18005B96D6 /* BubbleView.swift */,
				E048F4132BCFB512005B96D6 /* HighScoreviewModel.swift */,
			);
			path = bubble_game;
			sourceTree = "<group>";
		};
/* End PBXGroup section */

/* Begin PBXNativeTarget section */
		E03CF2682BBBA8C000DA7FC0 /* bubble_game */ = {
			isa = PBXNativeTarget;
			buildConfigurationList = E03CF2772BBBA8C200DA7FC0 /* Build configuration list for PBXNativeTarget "bubble_game" */;
			buildPhases = (
				E03CF2652BBBA8C000DA7FC0 /* Sources */,
				E03CF2662BBBA8C000DA7FC0 /* Frameworks */,
				E03CF2672BBBA8C000DA7FC0 /* Resources */,
			);
			buildRules = (
			);
			dependencies = (
			);
			name = bubble_game;
			productName = bubble_game;
			productReference = E03CF2692BBBA8C000DA7FC0 /* bubble_game.app */;
			productType = "com.apple.product-type.application";
		};
/* End PBXNativeTarget section */

/* Begin PBXProject section */
		E03CF2612BBBA8C000DA7FC0 /* Project object */ = {
			isa = PBXProject;
			attributes = {
				BuildIndependentTargetsInParallel = 1;
				LastSwiftUpdateCheck = 1530;
				LastUpgradeCheck = 1530;
				TargetAttributes = {
					E03CF2682BBBA8C000DA7FC0 = {
						CreatedOnToolsVersion = 15.3;
					};
				};
			};
			buildConfigurationList = E03CF2642BBBA8C000DA7FC0 /* Build configuration list for PBXProject "bubble_game" */;
			compatibilityVersion = "Xcode 14.0";
			developmentRegion = en;
			hasScannedForEncodings = 0;
			knownRegions = (
				en,
				Base,
			);
			mainGroup = E03CF2602BBBA8C000DA7FC0;
			productRefGroup = E03CF26A2BBBA8C000DA7FC0 /* Products */;
			projectDirPath = "";
			projectRoot = "";
			targets = (
				E03CF2682BBBA8C000DA7FC0 /* bubble_game */,
			);
		};
/* End PBXProject section */

/* Begin PBXResourcesBuildPhase section */
		E03CF2672BBBA8C000DA7FC0 /* Resources */ = {
			isa = PBXResourcesBuildPhase;
			buildActionMask = 2147483647;
			files = (
			);
			runOnlyForDeploymentPostprocessing = 0;
		};
/* End PBXResourcesBuildPhase section */

/* Begin PBXSourcesBuildPhase section */
		E03CF2652BBBA8C000DA7FC0 /* Sources */ = {
			isa = PBXSourcesBuildPhase;
			buildActionMask = 2147483647;
			files = (
				E03CF2832BBBAEE900DA7FC0 /* GameViewModel.swift in Sources */,
				E048F4142BCFB512005B96D6 /* HighScoreviewModel.swift in Sources */,
				E03CF26F2BBBA8C000DA7FC0 /* HomeView.swift in Sources */,
				E03CF27D2BBBA96B00DA7FC0 /* MenuView.swift in Sources */,
				E048F4122BCE8F19005B96D6 /* BubbleView.swift in Sources */,
				E048F4102BCE2820005B96D6 /* Bubble.swift in Sources */,
				E048F40E2BC4F4F1005B96D6 /* HighScoreView.swift in Sources */,
				E03CF26D2BBBA8C000DA7FC0 /* bubble_gameApp.swift in Sources */,
				E03CF27F2BBBAA3B00DA7FC0 /* MenuViewModel.swift in Sources */,
				E03CF2812BBBAE1E00DA7FC0 /* GameView.swift in Sources */,
			);
			runOnlyForDeploymentPostprocessing = 0;
		};
/* End PBXSourcesBuildPhase section */

/* Begin XCBuildConfiguration section */
		E03CF2752BBBA8C200DA7FC0 /* Debug */ = {
			isa = XCBuildConfiguration;
			buildSettings = {
				ALWAYS_SEARCH_USER_PATHS = NO;
				ASSETCATALOG_COMPILER_GENERATE_SWIFT_ASSET_SYMBOL_EXTENSIONS = YES;
				CLANG_ANALYZER_NONNULL = YES;
				CLANG_ANALYZER_NUMBER_OBJECT_CONVERSION = YES_AGGRESSIVE;
				CLANG_CXX_LANGUAGE_STANDARD = "gnu++20";
				CLANG_ENABLE_MODULES = YES;
				CLANG_ENABLE_OBJC_ARC = YES;
				CLANG_ENABLE_OBJC_WEAK = YES;
				CLANG_WARN_BLOCK_CAPTURE_AUTORELEASING = YES;
				CLANG_WARN_BOOL_CONVERSION = YES;
				CLANG_WARN_COMMA = YES;
				CLANG_WARN_CONSTANT_CONVERSION = YES;
				CLANG_WARN_DEPRECATED_OBJC_IMPLEMENTATIONS = YES;
				CLANG_WARN_DIRECT_OBJC_ISA_USAGE = YES_ERROR;
				CLANG_WARN_DOCUMENTATION_COMMENTS = YES;
				CLANG_WARN_EMPTY_BODY = YES;
				CLANG_WARN_ENUM_CONVERSION = YES;
				CLANG_WARN_INFINITE_RECURSION = YES;
				CLANG_WARN_INT_CONVERSION = YES;
				CLANG_WARN_NON_LITERAL_NULL_CONVERSION = YES;
				CLANG_WARN_OBJC_IMPLICIT_RETAIN_SELF = YES;
				CLANG_WARN_OBJC_LITERAL_CONVERSION = YES;
				CLANG_WARN_OBJC_ROOT_CLASS = YES_ERROR;
				CLANG_WARN_QUOTED_INCLUDE_IN_FRAMEWORK_HEADER = YES;
				CLANG_WARN_RANGE_LOOP_ANALYSIS = YES;
				CLANG_WARN_STRICT_PROTOTYPES = YES;
				CLANG_WARN_SUSPICIOUS_MOVE = YES;
				CLANG_WARN_UNGUARDED_AVAILABILITY = YES_AGGRESSIVE;
				CLANG_WARN_UNREACHABLE_CODE = YES;
				CLANG_WARN__DUPLICATE_METHOD_MATCH = YES;
				COPY_PHASE_STRIP = NO;
				DEBUG_INFORMATION_FORMAT = dwarf;
				ENABLE_STRICT_OBJC_MSGSEND = YES;
				ENABLE_TESTABILITY = YES;
				ENABLE_USER_SCRIPT_SANDBOXING = YES;
				GCC_C_LANGUAGE_STANDARD = gnu17;
				GCC_DYNAMIC_NO_PIC = NO;
				GCC_NO_COMMON_BLOCKS = YES;
				GCC_OPTIMIZATION_LEVEL = 0;
				GCC_PREPROCESSOR_DEFINITIONS = (
					"DEBUG=1",
					"$(inherited)",
				);
				GCC_WARN_64_TO_32_BIT_CONVERSION = YES;
				GCC_WARN_ABOUT_RETURN_TYPE = YES_ERROR;
				GCC_WARN_UNDECLARED_SELECTOR = YES;
				GCC_WARN_UNINITIALIZED_AUTOS = YES_AGGRESSIVE;
				GCC_WARN_UNUSED_FUNCTION = YES;
				GCC_WARN_UNUSED_VARIABLE = YES;
				IPHONEOS_DEPLOYMENT_TARGET = 17.4;
				LOCALIZATION_PREFERS_STRING_CATALOGS = YES;
				MTL_ENABLE_DEBUG_INFO = INCLUDE_SOURCE;
				MTL_FAST_MATH = YES;
				ONLY_ACTIVE_ARCH = YES;
				SDKROOT = iphoneos;
				SWIFT_ACTIVE_COMPILATION_CONDITIONS = "DEBUG $(inherited)";
				SWIFT_OPTIMIZATION_LEVEL = "-Onone";
			};
			name = Debug;
		};
		E03CF2762BBBA8C200DA7FC0 /* Release */ = {
			isa = XCBuildConfiguration;
			buildSettings = {
				ALWAYS_SEARCH_USER_PATHS = NO;
				ASSETCATALOG_COMPILER_GENERATE_SWIFT_ASSET_SYMBOL_EXTENSIONS = YES;
				CLANG_ANALYZER_NONNULL = YES;
				CLANG_ANALYZER_NUMBER_OBJECT_CONVERSION = YES_AGGRESSIVE;
				CLANG_CXX_LANGUAGE_STANDARD = "gnu++20";
				CLANG_ENABLE_MODULES = YES;
				CLANG_ENABLE_OBJC_ARC = YES;
				CLANG_ENABLE_OBJC_WEAK = YES;
				CLANG_WARN_BLOCK_CAPTURE_AUTORELEASING = YES;
				CLANG_WARN_BOOL_CONVERSION = YES;
				CLANG_WARN_COMMA = YES;
				CLANG_WARN_CONSTANT_CONVERSION = YES;
				CLANG_WARN_DEPRECATED_OBJC_IMPLEMENTATIONS = YES;
				CLANG_WARN_DIRECT_OBJC_ISA_USAGE = YES_ERROR;
				CLANG_WARN_DOCUMENTATION_COMMENTS = YES;
				CLANG_WARN_EMPTY_BODY = YES;
				CLANG_WARN_ENUM_CONVERSION = YES;
				CLANG_WARN_INFINITE_RECURSION = YES;
				CLANG_WARN_INT_CONVERSION = YES;
				CLANG_WARN_NON_LITERAL_NULL_CONVERSION = YES;
				CLANG_WARN_OBJC_IMPLICIT_RETAIN_SELF = YES;
				CLANG_WARN_OBJC_LITERAL_CONVERSION = YES;
				CLANG_WARN_OBJC_ROOT_CLASS = YES_ERROR;
				CLANG_WARN_QUOTED_INCLUDE_IN_FRAMEWORK_HEADER = YES;
				CLANG_WARN_RANGE_LOOP_ANALYSIS = YES;
				CLANG_WARN_STRICT_PROTOTYPES = YES;
				CLANG_WARN_SUSPICIOUS_MOVE = YES;
				CLANG_WARN_UNGUARDED_AVAILABILITY = YES_AGGRESSIVE;
				CLANG_WARN_UNREACHABLE_CODE = YES;
				CLANG_WARN__DUPLICATE_METHOD_MATCH = YES;
				COPY_PHASE_STRIP = NO;
				DEBUG_INFORMATION_FORMAT = "dwarf-with-dsym";
				ENABLE_NS_ASSERTIONS = NO;
				ENABLE_STRICT_OBJC_MSGSEND = YES;
				ENABLE_USER_SCRIPT_SANDBOXING = YES;
				GCC_C_LANGUAGE_STANDARD = gnu17;
				GCC_NO_COMMON_BLOCKS = YES;
				GCC_WARN_64_TO_32_BIT_CONVERSION = YES;
				GCC_WARN_ABOUT_RETURN_TYPE = YES_ERROR;
				GCC_WARN_UNDECLARED_SELECTOR = YES;
				GCC_WARN_UNINITIALIZED_AUTOS = YES_AGGRESSIVE;
				GCC_WARN_UNUSED_FUNCTION = YES;
				GCC_WARN_UNUSED_VARIABLE = YES;
				IPHONEOS_DEPLOYMENT_TARGET = 17.4;
				LOCALIZATION_PREFERS_STRING_CATALOGS = YES;
				MTL_ENABLE_DEBUG_INFO = NO;
				MTL_FAST_MATH = YES;
				SDKROOT = iphoneos;
				SWIFT_COMPILATION_MODE = wholemodule;
				VALIDATE_PRODUCT = YES;
			};
			name = Release;
		};
		E03CF2782BBBA8C200DA7FC0 /* Debug */ = {
			isa = XCBuildConfiguration;
			buildSettings = {
				ASSETCATALOG_COMPILER_APPICON_NAME = AppIcon;
				ASSETCATALOG_COMPILER_GLOBAL_ACCENT_COLOR_NAME = AccentColor;
				CODE_SIGN_STYLE = Automatic;
				CURRENT_PROJECT_VERSION = 1;
				DEVELOPMENT_ASSET_PATHS = "\"bubble_game/Preview Content\"";
				ENABLE_PREVIEWS = YES;
				GENERATE_INFOPLIST_FILE = YES;
				INFOPLIST_KEY_UIApplicationSceneManifest_Generation = YES;
				INFOPLIST_KEY_UIApplicationSupportsIndirectInputEvents = YES;
				INFOPLIST_KEY_UILaunchScreen_Generation = YES;
				INFOPLIST_KEY_UISupportedInterfaceOrientations_iPad = "UIInterfaceOrientationPortrait UIInterfaceOrientationPortraitUpsideDown UIInterfaceOrientationLandscapeLeft UIInterfaceOrientationLandscapeRight";
				INFOPLIST_KEY_UISupportedInterfaceOrientations_iPhone = "UIInterfaceOrientationPortrait UIInterfaceOrientationLandscapeLeft UIInterfaceOrientationLandscapeRight";
				IPHONEOS_DEPLOYMENT_TARGET = 17.0;
				LD_RUNPATH_SEARCH_PATHS = (
					"$(inherited)",
					"@executable_path/Frameworks",
				);
				MARKETING_VERSION = 1.0;
				PRODUCT_BUNDLE_IDENTIFIER = "com.zeyucui.bubble-game";
				PRODUCT_NAME = "$(TARGET_NAME)";
				SWIFT_EMIT_LOC_STRINGS = YES;
				SWIFT_VERSION = 5.0;
				TARGETED_DEVICE_FAMILY = "1,2";
			};
			name = Debug;
		};
		E03CF2792BBBA8C200DA7FC0 /* Release */ = {
			isa = XCBuildConfiguration;
			buildSettings = {
				ASSETCATALOG_COMPILER_APPICON_NAME = AppIcon;
				ASSETCATALOG_COMPILER_GLOBAL_ACCENT_COLOR_NAME = AccentColor;
				CODE_SIGN_STYLE = Automatic;
				CURRENT_PROJECT_VERSION = 1;
				DEVELOPMENT_ASSET_PATHS = "\"bubble_game/Preview Content\"";
				ENABLE_PREVIEWS = YES;
				GENERATE_INFOPLIST_FILE = YES;
				INFOPLIST_KEY_UIApplicationSceneManifest_Generation = YES;
				INFOPLIST_KEY_UIApplicationSupportsIndirectInputEvents = YES;
				INFOPLIST_KEY_UILaunchScreen_Generation = YES;
				INFOPLIST_KEY_UISupportedInterfaceOrientations_iPad = "UIInterfaceOrientationPortrait UIInterfaceOrientationPortraitUpsideDown UIInterfaceOrientationLandscapeLeft UIInterfaceOrientationLandscapeRight";
				INFOPLIST_KEY_UISupportedInterfaceOrientations_iPhone = "UIInterfaceOrientationPortrait UIInterfaceOrientationLandscapeLeft UIInterfaceOrientationLandscapeRight";
				IPHONEOS_DEPLOYMENT_TARGET = 17.0;
				LD_RUNPATH_SEARCH_PATHS = (
					"$(inherited)",
					"@executable_path/Frameworks",
				);
				MARKETING_VERSION = 1.0;
				PRODUCT_BUNDLE_IDENTIFIER = "com.zeyucui.bubble-game";
				PRODUCT_NAME = "$(TARGET_NAME)";
				SWIFT_EMIT_LOC_STRINGS = YES;
				SWIFT_VERSION = 5.0;
				TARGETED_DEVICE_FAMILY = "1,2";
			};
			name = Release;
		};
/* End XCBuildConfiguration section */

/* Begin XCConfigurationList section */
		E03CF2642BBBA8C000DA7FC0 /* Build configuration list for PBXProject "bubble_game" */ = {
			isa = XCConfigurationList;
			buildConfigurations = (
				E03CF2752BBBA8C200DA7FC0 /* Debug */,
				E03CF2762BBBA8C200DA7FC0 /* Release */,
			);
			defaultConfigurationIsVisible = 0;
			defaultConfigurationName = Release;
		};
		E03CF2772BBBA8C200DA7FC0 /* Build configuration list for PBXNativeTarget "bubble_game" */ = {
			isa = XCConfigurationList;
			buildConfigurations = (
				E03CF2782BBBA8C200DA7FC0 /* Debug */,
				E03CF2792BBBA8C200DA7FC0 /* Release */,
			);
			defaultConfigurationIsVisible = 0;
			defaultConfigurationName = Release;
		};
/* End XCConfigurationList section */
	};
	rootObject = E03CF2612BBBA8C000DA7FC0 /* Project object */;
}
